
Microsoft Visual Studio Solution File, Format Version 12.00
# Visual Studio 15
VisualStudioVersion = 15.0.26730.3
MinimumVisualStudioVersion = 10.0.40219.1
Project("{FAE04EC0-301F-11D3-BF4B-00C04F79EFBC}") = "TimeOffBot", "TimeOffBot\TimeOffBot.csproj", "{B6B914D8-810C-4839-81E3-A1DC19BCFCCF}"
EndProject
Global
	GlobalSection(SolutionConfigurationPlatforms) = preSolution
		Debug|Any CPU = Debug|Any CPU
		Release|Any CPU = Release|Any CPU
	EndGlobalSection
	GlobalSection(ProjectConfigurationPlatforms) = postSolution
		{B6B914D8-810C-4839-81E3-A1DC19BCFCCF}.Debug|Any CPU.ActiveCfg = Debug|Any CPU
		{B6B914D8-810C-4839-81E3-A1DC19BCFCCF}.Debug|Any CPU.Build.0 = Debug|Any CPU
		{B6B914D8-810C-4839-81E3-A1DC19BCFCCF}.Release|Any CPU.ActiveCfg = Release|Any CPU
		{B6B914D8-810C-4839-81E3-A1DC19BCFCCF}.Release|Any CPU.Build.0 = Release|Any CPU
	EndGlobalSection
	GlobalSection(SolutionProperties) = preSolution
		HideSolutionNode = FALSE
	EndGlobalSection
	GlobalSection(ExtensibilityGlobals) = postSolution
		SolutionGuid = {8152FA78-A1C5-46B2-B6FC-3877D4508A61}
	EndGlobalSection
EndGlobal
